<?xml version="1.0" encoding="utf-8"?>
<Project ToolsVersion="4.0" xmlns="http://schemas.microsoft.com/developer/msbuild/2003">
  <ItemGroup>
    <Filter Include="源文件">
      <UniqueIdentifier>{4FC737F1-C7A5-4376-A066-2A32D752A2FF}</UniqueIdentifier>
      <Extensions>cpp;c;cc;cxx;def;odl;idl;hpj;bat;asm;asmx</Extensions>
    </Filter>
    <Filter Include="头文件">
      <UniqueIdentifier>{93995380-89BD-4b04-88EB-625FBE52EBFB}</UniqueIdentifier>
      <Extensions>h;hh;hpp;hxx;hm;inl;inc;xsd</Extensions>
    </Filter>
  </ItemGroup>
  <ItemGroup>
    <ClCompile Include="..\..\deps\lua5.3\lapi.c">
      <Filter>源文件</Filter>
    </ClCompile>
    <ClCompile Include="..\..\deps\lua5.3\lauxlib.c">
      <Filter>源文件</Filter>
    </ClCompile>
    <ClCompile Include="..\..\deps\lua5.3\lbaselib.c">
      <Filter>源文件</Filter>
    </ClCompile>
    <ClCompile Include="..\..\deps\lua5.3\lbitlib.c">
      <Filter>源文件</Filter>
    </ClCompile>
    <ClCompile Include="..\..\deps\lua5.3\lcode.c">
      <Filter>源文件</Filter>
    </ClCompile>
    <ClCompile Include="..\..\deps\lua5.3\lcorolib.c">
      <Filter>源文件</Filter>
    </ClCompile>
    <ClCompile Include="..\..\deps\lua5.3\lctype.c">
      <Filter>源文件</Filter>
    </ClCompile>
    <ClCompile Include="..\..\deps\lua5.3\ldblib.c">
      <Filter>源文件</Filter>
    </ClCompile>
    <ClCompile Include="..\..\deps\lua5.3\ldebug.c">
      <Filter>源文件</Filter>
    </ClCompile>
    <ClCompile Include="..\..\deps\lua5.3\ldo.c">
      <Filter>源文件</Filter>
    </ClCompile>
    <ClCompile Include="..\..\deps\lua5.3\ldump.c">
      <Filter>源文件</Filter>
    </ClCompile>
    <ClCompile Include="..\..\deps\lua5.3\lfunc.c">
      <Filter>源文件</Filter>
    </ClCompile>
    <ClCompile Include="..\..\deps\lua5.3\lgc.c">
      <Filter>源文件</Filter>
    </ClCompile>
    <ClCompile Include="..\..\deps\lua5.3\linit.c">
      <Filter>源文件</Filter>
    </ClCompile>
    <ClCompile Include="..\..\deps\lua5.3\liolib.c">
      <Filter>源文件</Filter>
    </ClCompile>
    <ClCompile Include="..\..\deps\lua5.3\llex.c">
      <Filter>源文件</Filter>
    </ClCompile>
    <ClCompile Include="..\..\deps\lua5.3\lmathlib.c">
      <Filter>源文件</Filter>
    </ClCompile>
    <ClCompile Include="..\..\deps\lua5.3\lmem.c">
      <Filter>源文件</Filter>
    </ClCompile>
    <ClCompile Include="..\..\deps\lua5.3\loadlib.c">
      <Filter>源文件</Filter>
    </ClCompile>
    <ClCompile Include="..\..\deps\lua5.3\lobject.c">
      <Filter>源文件</Filter>
    </ClCompile>
    <ClCompile Include="..\..\deps\lua5.3\lopcodes.c">
      <Filter>源文件</Filter>
    </ClCompile>
    <ClCompile Include="..\..\deps\lua5.3\loslib.c">
      <Filter>源文件</Filter>
    </ClCompile>
    <ClCompile Include="..\..\deps\lua5.3\lparser.c">
      <Filter>源文件</Filter>
    </ClCompile>
    <ClCompile Include="..\..\deps\lua5.3\lstate.c">
      <Filter>源文件</Filter>
    </ClCompile>
    <ClCompile Include="..\..\deps\lua5.3\lstring.c">
      <Filter>源文件</Filter>
    </ClCompile>
    <ClCompile Include="..\..\deps\lua5.3\lstrlib.c">
      <Filter>源文件</Filter>
    </ClCompile>
    <ClCompile Include="..\..\deps\lua5.3\ltable.c">
      <Filter>源文件</Filter>
    </ClCompile>
    <ClCompile Include="..\..\deps\lua5.3\ltablib.c">
      <Filter>源文件</Filter>
    </ClCompile>
    <ClCompile Include="..\..\deps\lua5.3\ltm.c">
      <Filter>源文件</Filter>
    </ClCompile>
    <ClCompile Include="..\..\deps\lua5.3\lundump.c">
      <Filter>源文件</Filter>
    </ClCompile>
    <ClCompile Include="..\..\deps\lua5.3\lutf8lib.c">
      <Filter>源文件</Filter>
    </ClCompile>
    <ClCompile Include="..\..\deps\lua5.3\lvm.c">
      <Filter>源文件</Filter>
    </ClCompile>
    <ClCompile Include="..\..\deps\lua5.3\lzio.c">
      <Filter>源文件</Filter>
    </ClCompile>
  </ItemGroup>
  <ItemGroup>
    <ClInclude Include="..\..\deps\lua5.3\lapi.h">
      <Filter>头文件</Filter>
    </ClInclude>
    <ClInclude Include="..\..\deps\lua5.3\lauxlib.h">
      <Filter>头文件</Filter>
    </ClInclude>
    <ClInclude Include="..\..\deps\lua5.3\lcode.h">
      <Filter>头文件</Filter>
    </ClInclude>
    <ClInclude Include="..\..\deps\lua5.3\lctype.h">
      <Filter>头文件</Filter>
    </ClInclude>
    <ClInclude Include="..\..\deps\lua5.3\ldebug.h">
      <Filter>头文件</Filter>
    </ClInclude>
    <ClInclude Include="..\..\deps\lua5.3\ldo.h">
      <Filter>头文件</Filter>
    </ClInclude>
    <ClInclude Include="..\..\deps\lua5.3\lfunc.h">
      <Filter>头文件</Filter>
    </ClInclude>
    <ClInclude Include="..\..\deps\lua5.3\lgc.h">
      <Filter>头文件</Filter>
    </ClInclude>
    <ClInclude Include="..\..\deps\lua5.3\llex.h">
      <Filter>头文件</Filter>
    </ClInclude>
    <ClInclude Include="..\..\deps\lua5.3\llimits.h">
      <Filter>头文件</Filter>
    </ClInclude>
    <ClInclude Include="..\..\deps\lua5.3\lmem.h">
      <Filter>头文件</Filter>
    </ClInclude>
    <ClInclude Include="..\..\deps\lua5.3\lobject.h">
      <Filter>头文件</Filter>
    </ClInclude>
    <ClInclude Include="..\..\deps\lua5.3\lopcodes.h">
      <Filter>头文件</Filter>
    </ClInclude>
    <ClInclude Include="..\..\deps\lua5.3\lparser.h">
      <Filter>头文件</Filter>
    </ClInclude>
    <ClInclude Include="..\..\deps\lua5.3\lprefix.h">
      <Filter>头文件</Filter>
    </ClInclude>
    <ClInclude Include="..\..\deps\lua5.3\lstate.h">
      <Filter>头文件</Filter>
    </ClInclude>
    <ClInclude Include="..\..\deps\lua5.3\lstring.h">
      <Filter>头文件</Filter>
    </ClInclude>
    <ClInclude Include="..\..\deps\lua5.3\ltable.h">
      <Filter>头文件</Filter>
    </ClInclude>
    <ClInclude Include="..\..\deps\lua5.3\ltm.h">
      <Filter>头文件</Filter>
    </ClInclude>
    <ClInclude Include="..\..\deps\lua5.3\lua.h">
      <Filter>头文件</Filter>
    </ClInclude>
    <ClInclude Include="..\..\deps\lua5.3\lua.hpp">
      <Filter>头文件</Filter>
    </ClInclude>
    <ClInclude Include="..\..\deps\lua5.3\luaconf.h">
      <Filter>头文件</Filter>
    </ClInclude>
    <ClInclude Include="..\..\deps\lua5.3\lualib.h">
      <Filter>头文件</Filter>
    </ClInclude>
    <ClInclude Include="..\..\deps\lua5.3\lundump.h">
      <Filter>头文件</Filter>
    </ClInclude>
    <ClInclude Include="..\..\deps\lua5.3\lvm.h">
      <Filter>头文件</Filter>
    </ClInclude>
    <ClInclude Include="..\..\deps\lua5.3\lzio.h">
      <Filter>头文件</Filter>
    </ClInclude>
  </ItemGroup>
</Project>