<?xml version="1.0" encoding="utf-8"?>
<Project ToolsVersion="4.0" xmlns="http://schemas.microsoft.com/developer/msbuild/2003">
  <ItemGroup>
    <Filter Include="源文件">
      <UniqueIdentifier>{4FC737F1-C7A5-4376-A066-2A32D752A2FF}</UniqueIdentifier>
      <Extensions>cpp;c;cc;cxx;def;odl;idl;hpj;bat;asm;asmx</Extensions>
    </Filter>
    <Filter Include="头文件">
      <UniqueIdentifier>{93995380-89BD-4b04-88EB-625FBE52EBFB}</UniqueIdentifier>
      <Extensions>h;hh;hpp;hxx;hm;inl;inc;xsd</Extensions>
    </Filter>
  </ItemGroup>
  <ItemGroup>
    <ClCompile Include="..\..\deps\vld\src\callstack.cpp">
      <Filter>源文件</Filter>
    </ClCompile>
    <ClCompile Include="..\..\deps\vld\src\dllspatches.cpp">
      <Filter>源文件</Filter>
    </ClCompile>
    <ClCompile Include="..\..\deps\vld\src\ntapi.cpp">
      <Filter>源文件</Filter>
    </ClCompile>
    <ClCompile Include="..\..\deps\vld\src\stdafx.cpp">
      <Filter>源文件</Filter>
    </ClCompile>
    <ClCompile Include="..\..\deps\vld\src\utility.cpp">
      <Filter>源文件</Filter>
    </ClCompile>
    <ClCompile Include="..\..\deps\vld\src\vld.cpp">
      <Filter>源文件</Filter>
    </ClCompile>
    <ClCompile Include="..\..\deps\vld\src\vld_hooks.cpp">
      <Filter>源文件</Filter>
    </ClCompile>
    <ClCompile Include="..\..\deps\vld\src\vldapi.cpp">
      <Filter>源文件</Filter>
    </ClCompile>
    <ClCompile Include="..\..\deps\vld\src\vldheap.cpp">
      <Filter>源文件</Filter>
    </ClCompile>
  </ItemGroup>
  <ItemGroup>
    <ClInclude Include="..\..\deps\vld\src\callstack.h">
      <Filter>头文件</Filter>
    </ClInclude>
    <ClInclude Include="..\..\deps\vld\src\criticalsection.h">
      <Filter>头文件</Filter>
    </ClInclude>
    <ClInclude Include="..\..\deps\vld\src\crtmfcpatch.h">
      <Filter>头文件</Filter>
    </ClInclude>
    <ClInclude Include="..\..\deps\vld\src\map.h">
      <Filter>头文件</Filter>
    </ClInclude>
    <ClInclude Include="..\..\deps\vld\src\ntapi.h">
      <Filter>头文件</Filter>
    </ClInclude>
    <ClInclude Include="..\..\deps\vld\src\resource.h">
      <Filter>头文件</Filter>
    </ClInclude>
    <ClInclude Include="..\..\deps\vld\src\set.h">
      <Filter>头文件</Filter>
    </ClInclude>
    <ClInclude Include="..\..\deps\vld\src\stdafx.h">
      <Filter>头文件</Filter>
    </ClInclude>
    <ClInclude Include="..\..\deps\vld\src\tree.h">
      <Filter>头文件</Filter>
    </ClInclude>
    <ClInclude Include="..\..\deps\vld\src\utility.h">
      <Filter>头文件</Filter>
    </ClInclude>
    <ClInclude Include="..\..\deps\vld\src\vld.h">
      <Filter>头文件</Filter>
    </ClInclude>
    <ClInclude Include="..\..\deps\vld\src\vld_def.h">
      <Filter>头文件</Filter>
    </ClInclude>
    <ClInclude Include="..\..\deps\vld\src\vldallocator.h">
      <Filter>头文件</Filter>
    </ClInclude>
    <ClInclude Include="..\..\deps\vld\src\vldheap.h">
      <Filter>头文件</Filter>
    </ClInclude>
    <ClInclude Include="..\..\deps\vld\src\vldint.h">
      <Filter>头文件</Filter>
    </ClInclude>
  </ItemGroup>
</Project>