<?xml version="1.0" encoding="utf-8"?>
<Project ToolsVersion="4.0" xmlns="http://schemas.microsoft.com/developer/msbuild/2003">
  <ItemGroup>
    <Filter Include="源文件">
      <UniqueIdentifier>{4FC737F1-C7A5-4376-A066-2A32D752A2FF}</UniqueIdentifier>
      <Extensions>cpp;c;cc;cxx;def;odl;idl;hpj;bat;asm;asmx</Extensions>
    </Filter>
    <Filter Include="头文件">
      <UniqueIdentifier>{93995380-89BD-4b04-88EB-625FBE52EBFB}</UniqueIdentifier>
      <Extensions>h;hh;hpp;hxx;hm;inl;inc;xsd</Extensions>
    </Filter>
    <Filter Include="include">
      <UniqueIdentifier>{c27f4572-7798-459f-b76c-01ca3e43bc85}</UniqueIdentifier>
    </Filter>
  </ItemGroup>
  <ItemGroup>
    <ClInclude Include="..\..\src\sn_common.h">
      <Filter>头文件</Filter>
    </ClInclude>
    <ClInclude Include="..\..\src\sn_env.h">
      <Filter>头文件</Filter>
    </ClInclude>
    <ClInclude Include="..\..\src\sn_handle.h">
      <Filter>头文件</Filter>
    </ClInclude>
    <ClInclude Include="..\..\src\sn_harbor.h">
      <Filter>头文件</Filter>
    </ClInclude>
    <ClInclude Include="..\..\src\sn_impl.h">
      <Filter>头文件</Filter>
    </ClInclude>
    <ClInclude Include="..\..\src\sn_log.h">
      <Filter>头文件</Filter>
    </ClInclude>
    <ClInclude Include="..\..\src\sn_malloc.h">
      <Filter>头文件</Filter>
    </ClInclude>
    <ClInclude Include="..\..\src\sn_module.h">
      <Filter>头文件</Filter>
    </ClInclude>
    <ClInclude Include="..\..\src\sn_monitor.h">
      <Filter>头文件</Filter>
    </ClInclude>
    <ClInclude Include="..\..\src\sn_mq.h">
      <Filter>头文件</Filter>
    </ClInclude>
    <ClInclude Include="..\..\src\sn_server.h">
      <Filter>头文件</Filter>
    </ClInclude>
    <ClInclude Include="..\..\include\skynet.h">
      <Filter>include</Filter>
    </ClInclude>
    <ClInclude Include="..\..\src\sn_timer.h">
      <Filter>头文件</Filter>
    </ClInclude>
    <ClInclude Include="..\..\include\skynet_malloc.h">
      <Filter>include</Filter>
    </ClInclude>
    <ClInclude Include="..\..\include\skynet_config.h">
      <Filter>include</Filter>
    </ClInclude>
    <ClInclude Include="..\..\src\socket_server.h">
      <Filter>头文件</Filter>
    </ClInclude>
    <ClInclude Include="..\..\src\sn_socket.h">
      <Filter>头文件</Filter>
    </ClInclude>
    <ClInclude Include="..\..\include\skynet_socket.h">
      <Filter>include</Filter>
    </ClInclude>
    <ClInclude Include="..\..\include\skynet_harbor.h">
      <Filter>include</Filter>
    </ClInclude>
  </ItemGroup>
  <ItemGroup>
    <ClCompile Include="..\..\src\sn_env.cpp">
      <Filter>源文件</Filter>
    </ClCompile>
    <ClCompile Include="..\..\src\sn_error.cpp">
      <Filter>源文件</Filter>
    </ClCompile>
    <ClCompile Include="..\..\src\sn_handle.cpp">
      <Filter>源文件</Filter>
    </ClCompile>
    <ClCompile Include="..\..\src\sn_harbor.cpp">
      <Filter>源文件</Filter>
    </ClCompile>
    <ClCompile Include="..\..\src\sn_log.cpp">
      <Filter>源文件</Filter>
    </ClCompile>
    <ClCompile Include="..\..\src\sn_main.cpp">
      <Filter>源文件</Filter>
    </ClCompile>
    <ClCompile Include="..\..\src\sn_malloc.cpp">
      <Filter>源文件</Filter>
    </ClCompile>
    <ClCompile Include="..\..\src\sn_module.cpp">
      <Filter>源文件</Filter>
    </ClCompile>
    <ClCompile Include="..\..\src\sn_monitor.cpp">
      <Filter>源文件</Filter>
    </ClCompile>
    <ClCompile Include="..\..\src\sn_mq.cpp">
      <Filter>源文件</Filter>
    </ClCompile>
    <ClCompile Include="..\..\src\sn_server.cpp">
      <Filter>源文件</Filter>
    </ClCompile>
    <ClCompile Include="..\..\src\sn_start.cpp">
      <Filter>源文件</Filter>
    </ClCompile>
    <ClCompile Include="sn_strsep.cpp">
      <Filter>源文件</Filter>
    </ClCompile>
    <ClCompile Include="..\..\src\sn_timer.cpp">
      <Filter>源文件</Filter>
    </ClCompile>
    <ClCompile Include="..\..\src\sn_socket.cpp">
      <Filter>源文件</Filter>
    </ClCompile>
    <ClCompile Include="..\..\src\socket_server.cpp">
      <Filter>源文件</Filter>
    </ClCompile>
  </ItemGroup>
</Project>